// !$*UTF8*$!
{
	archiveVersion = 1;
	classes = {
	};
	objectVersion = 56;
	objects = {

/* Begin PBXBuildFile section */
		7F6786D22AFE4ABB00D9BBF3 /* EventifyApp.swift in Sources */ = {isa = PBXBuildFile; fileRef = 7F6786D12AFE4ABB00D9BBF3 /* EventifyApp.swift */; };
		7F6786D42AFE4ABB00D9BBF3 /* Persistence.swift in Sources */ = {isa = PBXBuildFile; fileRef = 7F6786D32AFE4ABB00D9BBF3 /* Persistence.swift */; };
		7F6786D72AFE4ABB00D9BBF3 /* Eventify.xcdatamodeld in Sources */ = {isa = PBXBuildFile; fileRef = 7F6786D52AFE4ABB00D9BBF3 /* Eventify.xcdatamodeld */; };
		7F6786D92AFE4ABB00D9BBF3 /* ContentView.swift in Sources */ = {isa = PBXBuildFile; fileRef = 7F6786D82AFE4ABB00D9BBF3 /* ContentView.swift */; };
		7F6786DB2AFE4AC200D9BBF3 /* Assets.xcassets in Resources */ = {isa = PBXBuildFile; fileRef = 7F6786DA2AFE4AC200D9BBF3 /* Assets.xcassets */; };
		7F6786DF2AFE4AC200D9BBF3 /* Preview Assets.xcassets in Resources */ = {isa = PBXBuildFile; fileRef = 7F6786DE2AFE4AC200D9BBF3 /* Preview Assets.xcassets */; };
		7F6786ED2AFE4ED700D9BBF3 /* Event+CoreDataClass.swift in Sources */ = {isa = PBXBuildFile; fileRef = 7F6786E52AFE4ED700D9BBF3 /* Event+CoreDataClass.swift */; };
		7F6786EE2AFE4ED700D9BBF3 /* Event+CoreDataProperties.swift in Sources */ = {isa = PBXBuildFile; fileRef = 7F6786E62AFE4ED700D9BBF3 /* Event+CoreDataProperties.swift */; };
		7F6786EF2AFE4ED700D9BBF3 /* User+CoreDataClass.swift in Sources */ = {isa = PBXBuildFile; fileRef = 7F6786E72AFE4ED700D9BBF3 /* User+CoreDataClass.swift */; };
		7F6786F02AFE4ED700D9BBF3 /* User+CoreDataProperties.swift in Sources */ = {isa = PBXBuildFile; fileRef = 7F6786E82AFE4ED700D9BBF3 /* User+CoreDataProperties.swift */; };
		7F6786F12AFE4ED700D9BBF3 /* EventImage+CoreDataClass.swift in Sources */ = {isa = PBXBuildFile; fileRef = 7F6786E92AFE4ED700D9BBF3 /* EventImage+CoreDataClass.swift */; };
		7F6786F22AFE4ED700D9BBF3 /* EventImage+CoreDataProperties.swift in Sources */ = {isa = PBXBuildFile; fileRef = 7F6786EA2AFE4ED700D9BBF3 /* EventImage+CoreDataProperties.swift */; };
		7F6786F32AFE4ED700D9BBF3 /* Comment+CoreDataClass.swift in Sources */ = {isa = PBXBuildFile; fileRef = 7F6786EB2AFE4ED700D9BBF3 /* Comment+CoreDataClass.swift */; };
		7F6786F42AFE4ED700D9BBF3 /* Comment+CoreDataProperties.swift in Sources */ = {isa = PBXBuildFile; fileRef = 7F6786EC2AFE4ED700D9BBF3 /* Comment+CoreDataProperties.swift */; };
		7F6786F72AFE4F2D00D9BBF3 /* DataManger.swift in Sources */ = {isa = PBXBuildFile; fileRef = 7F6786F62AFE4F2D00D9BBF3 /* DataManger.swift */; };
		7F6786F92AFE4FDF00D9BBF3 /* splashView.swift in Sources */ = {isa = PBXBuildFile; fileRef = 7F6786F82AFE4FDF00D9BBF3 /* splashView.swift */; };
		7F6786FC2AFE531C00D9BBF3 /* input.swift in Sources */ = {isa = PBXBuildFile; fileRef = 7F6786FB2AFE531C00D9BBF3 /* input.swift */; };
		7F6786FF2AFE580800D9BBF3 /* SignupView.swift in Sources */ = {isa = PBXBuildFile; fileRef = 7F6786FE2AFE580700D9BBF3 /* SignupView.swift */; };
		7F6787012AFE581C00D9BBF3 /* SigninView.swift in Sources */ = {isa = PBXBuildFile; fileRef = 7F6787002AFE581C00D9BBF3 /* SigninView.swift */; };
		7F6787032AFE652700D9BBF3 /* HomeView.swift in Sources */ = {isa = PBXBuildFile; fileRef = 7F6787022AFE652700D9BBF3 /* HomeView.swift */; };
		7F6787052AFE66E800D9BBF3 /* UserManger.swift in Sources */ = {isa = PBXBuildFile; fileRef = 7F6787042AFE66E800D9BBF3 /* UserManger.swift */; };
/* End PBXBuildFile section */

/* Begin PBXFileReference section */
		7F6786CE2AFE4ABB00D9BBF3 /* Eventify.app */ = {isa = PBXFileReference; explicitFileType = wrapper.application; includeInIndex = 0; path = Eventify.app; sourceTree = BUILT_PRODUCTS_DIR; };
		7F6786D12AFE4ABB00D9BBF3 /* EventifyApp.swift */ = {isa = PBXFileReference; lastKnownFileType = sourcecode.swift; path = EventifyApp.swift; sourceTree = "<group>"; };
		7F6786D32AFE4ABB00D9BBF3 /* Persistence.swift */ = {isa = PBXFileReference; lastKnownFileType = sourcecode.swift; path = Persistence.swift; sourceTree = "<group>"; };
		7F6786D62AFE4ABB00D9BBF3 /* Eventify.xcdatamodel */ = {isa = PBXFileReference; lastKnownFileType = wrapper.xcdatamodel; path = Eventify.xcdatamodel; sourceTree = "<group>"; };
		7F6786D82AFE4ABB00D9BBF3 /* ContentView.swift */ = {isa = PBXFileReference; lastKnownFileType = sourcecode.swift; path = ContentView.swift; sourceTree = "<group>"; };
		7F6786DA2AFE4AC200D9BBF3 /* Assets.xcassets */ = {isa = PBXFileReference; lastKnownFileType = folder.assetcatalog; path = Assets.xcassets; sourceTree = "<group>"; };
		7F6786DC2AFE4AC200D9BBF3 /* Eventify.entitlements */ = {isa = PBXFileReference; lastKnownFileType = text.plist.entitlements; path = Eventify.entitlements; sourceTree = "<group>"; };
		7F6786DE2AFE4AC200D9BBF3 /* Preview Assets.xcassets */ = {isa = PBXFileReference; lastKnownFileType = folder.assetcatalog; path = "Preview Assets.xcassets"; sourceTree = "<group>"; };
		7F6786E52AFE4ED700D9BBF3 /* Event+CoreDataClass.swift */ = {isa = PBXFileReference; lastKnownFileType = sourcecode.swift; path = "Event+CoreDataClass.swift"; sourceTree = "<group>"; };
		7F6786E62AFE4ED700D9BBF3 /* Event+CoreDataProperties.swift */ = {isa = PBXFileReference; lastKnownFileType = sourcecode.swift; path = "Event+CoreDataProperties.swift"; sourceTree = "<group>"; };
		7F6786E72AFE4ED700D9BBF3 /* User+CoreDataClass.swift */ = {isa = PBXFileReference; lastKnownFileType = sourcecode.swift; path = "User+CoreDataClass.swift"; sourceTree = "<group>"; };
		7F6786E82AFE4ED700D9BBF3 /* User+CoreDataProperties.swift */ = {isa = PBXFileReference; lastKnownFileType = sourcecode.swift; path = "User+CoreDataProperties.swift"; sourceTree = "<group>"; };
		7F6786E92AFE4ED700D9BBF3 /* EventImage+CoreDataClass.swift */ = {isa = PBXFileReference; lastKnownFileType = sourcecode.swift; path = "EventImage+CoreDataClass.swift"; sourceTree = "<group>"; };
		7F6786EA2AFE4ED700D9BBF3 /* EventImage+CoreDataProperties.swift */ = {isa = PBXFileReference; lastKnownFileType = sourcecode.swift; path = "EventImage+CoreDataProperties.swift"; sourceTree = "<group>"; };
		7F6786EB2AFE4ED700D9BBF3 /* Comment+CoreDataClass.swift */ = {isa = PBXFileReference; lastKnownFileType = sourcecode.swift; path = "Comment+CoreDataClass.swift"; sourceTree = "<group>"; };
		7F6786EC2AFE4ED700D9BBF3 /* Comment+CoreDataProperties.swift */ = {isa = PBXFileReference; lastKnownFileType = sourcecode.swift; path = "Comment+CoreDataProperties.swift"; sourceTree = "<group>"; };
		7F6786F62AFE4F2D00D9BBF3 /* DataManger.swift */ = {isa = PBXFileReference; lastKnownFileType = sourcecode.swift; path = DataManger.swift; sourceTree = "<group>"; };
		7F6786F82AFE4FDF00D9BBF3 /* splashView.swift */ = {isa = PBXFileReference; lastKnownFileType = sourcecode.swift; path = splashView.swift; sourceTree = "<group>"; };
		7F6786FB2AFE531C00D9BBF3 /* input.swift */ = {isa = PBXFileReference; lastKnownFileType = sourcecode.swift; path = input.swift; sourceTree = "<group>"; };
		7F6786FE2AFE580700D9BBF3 /* SignupView.swift */ = {isa = PBXFileReference; lastKnownFileType = sourcecode.swift; path = SignupView.swift; sourceTree = "<group>"; };
		7F6787002AFE581C00D9BBF3 /* SigninView.swift */ = {isa = PBXFileReference; lastKnownFileType = sourcecode.swift; path = SigninView.swift; sourceTree = "<group>"; };
		7F6787022AFE652700D9BBF3 /* HomeView.swift */ = {isa = PBXFileReference; lastKnownFileType = sourcecode.swift; path = HomeView.swift; sourceTree = "<group>"; };
		7F6787042AFE66E800D9BBF3 /* UserManger.swift */ = {isa = PBXFileReference; lastKnownFileType = sourcecode.swift; path = UserManger.swift; sourceTree = "<group>"; };
/* End PBXFileReference section */

/* Begin PBXFrameworksBuildPhase section */
		7F6786CB2AFE4ABB00D9BBF3 /* Frameworks */ = {
			isa = PBXFrameworksBuildPhase;
			buildActionMask = 2147483647;
			files = (
			);
			runOnlyForDeploymentPostprocessing = 0;
		};
/* End PBXFrameworksBuildPhase section */

/* Begin PBXGroup section */
		7F6786C52AFE4ABB00D9BBF3 = {
			isa = PBXGroup;
			children = (
				7F6786D02AFE4ABB00D9BBF3 /* Eventify */,
				7F6786CF2AFE4ABB00D9BBF3 /* Products */,
			);
			sourceTree = "<group>";
		};
		7F6786CF2AFE4ABB00D9BBF3 /* Products */ = {
			isa = PBXGroup;
			children = (
				7F6786CE2AFE4ABB00D9BBF3 /* Eventify.app */,
			);
			name = Products;
			sourceTree = "<group>";
		};
		7F6786D02AFE4ABB00D9BBF3 /* Eventify */ = {
			isa = PBXGroup;
			children = (
				7F6786F52AFE4EF700D9BBF3 /* CoreDataClasses */,
				7F6786D12AFE4ABB00D9BBF3 /* EventifyApp.swift */,
				7F6786D32AFE4ABB00D9BBF3 /* Persistence.swift */,
				7F6786D82AFE4ABB00D9BBF3 /* ContentView.swift */,
				7F6786DA2AFE4AC200D9BBF3 /* Assets.xcassets */,
				7F6786DC2AFE4AC200D9BBF3 /* Eventify.entitlements */,
				7F6786D52AFE4ABB00D9BBF3 /* Eventify.xcdatamodeld */,
				7F6786DD2AFE4AC200D9BBF3 /* Preview Content */,
				7F6786F62AFE4F2D00D9BBF3 /* DataManger.swift */,
				7F6786FA2AFE4FF100D9BBF3 /* Views */,
				7F6786FD2AFE554E00D9BBF3 /* Componants */,
				7F6787042AFE66E800D9BBF3 /* UserManger.swift */,
			);
			path = Eventify;
			sourceTree = "<group>";
		};
		7F6786DD2AFE4AC200D9BBF3 /* Preview Content */ = {
			isa = PBXGroup;
			children = (
				7F6786DE2AFE4AC200D9BBF3 /* Preview Assets.xcassets */,
			);
			path = "Preview Content";
			sourceTree = "<group>";
		};
		7F6786F52AFE4EF700D9BBF3 /* CoreDataClasses */ = {
			isa = PBXGroup;
			children = (
				7F6786E52AFE4ED700D9BBF3 /* Event+CoreDataClass.swift */,
				7F6786E62AFE4ED700D9BBF3 /* Event+CoreDataProperties.swift */,
				7F6786E72AFE4ED700D9BBF3 /* User+CoreDataClass.swift */,
				7F6786E82AFE4ED700D9BBF3 /* User+CoreDataProperties.swift */,
				7F6786E92AFE4ED700D9BBF3 /* EventImage+CoreDataClass.swift */,
				7F6786EA2AFE4ED700D9BBF3 /* EventImage+CoreDataProperties.swift */,
				7F6786EB2AFE4ED700D9BBF3 /* Comment+CoreDataClass.swift */,
				7F6786EC2AFE4ED700D9BBF3 /* Comment+CoreDataProperties.swift */,
			);
			path = CoreDataClasses;
			sourceTree = "<group>";
		};
		7F6786FA2AFE4FF100D9BBF3 /* Views */ = {
			isa = PBXGroup;
			children = (
				7F6786F82AFE4FDF00D9BBF3 /* splashView.swift */,
				7F6786FE2AFE580700D9BBF3 /* SignupView.swift */,
				7F6787002AFE581C00D9BBF3 /* SigninView.swift */,
				7F6787022AFE652700D9BBF3 /* HomeView.swift */,
			);
			path = Views;
			sourceTree = "<group>";
		};
		7F6786FD2AFE554E00D9BBF3 /* Componants */ = {
			isa = PBXGroup;
			children = (
				7F6786FB2AFE531C00D9BBF3 /* input.swift */,
			);
			path = Componants;
			sourceTree = "<group>";
		};
/* End PBXGroup section */

/* Begin PBXNativeTarget section */
		7F6786CD2AFE4ABB00D9BBF3 /* Eventify */ = {
			isa = PBXNativeTarget;
			buildConfigurationList = 7F6786E22AFE4AC200D9BBF3 /* Build configuration list for PBXNativeTarget "Eventify" */;
			buildPhases = (
				7F6786CA2AFE4ABB00D9BBF3 /* Sources */,
				7F6786CB2AFE4ABB00D9BBF3 /* Frameworks */,
				7F6786CC2AFE4ABB00D9BBF3 /* Resources */,
			);
			buildRules = (
			);
			dependencies = (
			);
			name = Eventify;
			productName = Eventify;
			productReference = 7F6786CE2AFE4ABB00D9BBF3 /* Eventify.app */;
			productType = "com.apple.product-type.application";
		};
/* End PBXNativeTarget section */

/* Begin PBXProject section */
		7F6786C62AFE4ABB00D9BBF3 /* Project object */ = {
			isa = PBXProject;
			attributes = {
				BuildIndependentTargetsInParallel = 1;
				LastSwiftUpdateCheck = 1500;
				LastUpgradeCheck = 1500;
				TargetAttributes = {
					7F6786CD2AFE4ABB00D9BBF3 = {
						CreatedOnToolsVersion = 15.0.1;
					};
				};
			};
			buildConfigurationList = 7F6786C92AFE4ABB00D9BBF3 /* Build configuration list for PBXProject "Eventify" */;
			compatibilityVersion = "Xcode 14.0";
			developmentRegion = en;
			hasScannedForEncodings = 0;
			knownRegions = (
				en,
				Base,
			);
			mainGroup = 7F6786C52AFE4ABB00D9BBF3;
			productRefGroup = 7F6786CF2AFE4ABB00D9BBF3 /* Products */;
			projectDirPath = "";
			projectRoot = "";
			targets = (
				7F6786CD2AFE4ABB00D9BBF3 /* Eventify */,
			);
		};
/* End PBXProject section */

/* Begin PBXResourcesBuildPhase section */
		7F6786CC2AFE4ABB00D9BBF3 /* Resources */ = {
			isa = PBXResourcesBuildPhase;
			buildActionMask = 2147483647;
			files = (
				7F6786DF2AFE4AC200D9BBF3 /* Preview Assets.xcassets in Resources */,
				7F6786DB2AFE4AC200D9BBF3 /* Assets.xcassets in Resources */,
			);
			runOnlyForDeploymentPostprocessing = 0;
		};
/* End PBXResourcesBuildPhase section */

/* Begin PBXSourcesBuildPhase section */
		7F6786CA2AFE4ABB00D9BBF3 /* Sources */ = {
			isa = PBXSourcesBuildPhase;
			buildActionMask = 2147483647;
			files = (
				7F6786EE2AFE4ED700D9BBF3 /* Event+CoreDataProperties.swift in Sources */,
				7F6786D22AFE4ABB00D9BBF3 /* EventifyApp.swift in Sources */,
				7F6786F02AFE4ED700D9BBF3 /* User+CoreDataProperties.swift in Sources */,
				7F6787052AFE66E800D9BBF3 /* UserManger.swift in Sources */,
				7F6786F92AFE4FDF00D9BBF3 /* splashView.swift in Sources */,
				7F6786D72AFE4ABB00D9BBF3 /* Eventify.xcdatamodeld in Sources */,
				7F6786ED2AFE4ED700D9BBF3 /* Event+CoreDataClass.swift in Sources */,
				7F6786D92AFE4ABB00D9BBF3 /* ContentView.swift in Sources */,
				7F6786F22AFE4ED700D9BBF3 /* EventImage+CoreDataProperties.swift in Sources */,
				7F6786F32AFE4ED700D9BBF3 /* Comment+CoreDataClass.swift in Sources */,
				7F6787032AFE652700D9BBF3 /* HomeView.swift in Sources */,
				7F6786D42AFE4ABB00D9BBF3 /* Persistence.swift in Sources */,
				7F6786FC2AFE531C00D9BBF3 /* input.swift in Sources */,
				7F6786F72AFE4F2D00D9BBF3 /* DataManger.swift in Sources */,
				7F6786FF2AFE580800D9BBF3 /* SignupView.swift in Sources */,
				7F6786F12AFE4ED700D9BBF3 /* EventImage+CoreDataClass.swift in Sources */,
				7F6786F42AFE4ED700D9BBF3 /* Comment+CoreDataProperties.swift in Sources */,
				7F6786EF2AFE4ED700D9BBF3 /* User+CoreDataClass.swift in Sources */,
				7F6787012AFE581C00D9BBF3 /* SigninView.swift in Sources */,
			);
			runOnlyForDeploymentPostprocessing = 0;
		};
/* End PBXSourcesBuildPhase section */

/* Begin XCBuildConfiguration section */
		7F6786E02AFE4AC200D9BBF3 /* Debug */ = {
			isa = XCBuildConfiguration;
			buildSettings = {
				ALWAYS_SEARCH_USER_PATHS = NO;
				ASSETCATALOG_COMPILER_GENERATE_SWIFT_ASSET_SYMBOL_EXTENSIONS = YES;
				CLANG_ANALYZER_NONNULL = YES;
				CLANG_ANALYZER_NUMBER_OBJECT_CONVERSION = YES_AGGRESSIVE;
				CLANG_CXX_LANGUAGE_STANDARD = "gnu++20";
				CLANG_ENABLE_MODULES = YES;
				CLANG_ENABLE_OBJC_ARC = YES;
				CLANG_ENABLE_OBJC_WEAK = YES;
				CLANG_WARN_BLOCK_CAPTURE_AUTORELEASING = YES;
				CLANG_WARN_BOOL_CONVERSION = YES;
				CLANG_WARN_COMMA = YES;
				CLANG_WARN_CONSTANT_CONVERSION = YES;
				CLANG_WARN_DEPRECATED_OBJC_IMPLEMENTATIONS = YES;
				CLANG_WARN_DIRECT_OBJC_ISA_USAGE = YES_ERROR;
				CLANG_WARN_DOCUMENTATION_COMMENTS = YES;
				CLANG_WARN_EMPTY_BODY = YES;
				CLANG_WARN_ENUM_CONVERSION = YES;
				CLANG_WARN_INFINITE_RECURSION = YES;
				CLANG_WARN_INT_CONVERSION = YES;
				CLANG_WARN_NON_LITERAL_NULL_CONVERSION = YES;
				CLANG_WARN_OBJC_IMPLICIT_RETAIN_SELF = YES;
				CLANG_WARN_OBJC_LITERAL_CONVERSION = YES;
				CLANG_WARN_OBJC_ROOT_CLASS = YES_ERROR;
				CLANG_WARN_QUOTED_INCLUDE_IN_FRAMEWORK_HEADER = YES;
				CLANG_WARN_RANGE_LOOP_ANALYSIS = YES;
				CLANG_WARN_STRICT_PROTOTYPES = YES;
				CLANG_WARN_SUSPICIOUS_MOVE = YES;
				CLANG_WARN_UNGUARDED_AVAILABILITY = YES_AGGRESSIVE;
				CLANG_WARN_UNREACHABLE_CODE = YES;
				CLANG_WARN__DUPLICATE_METHOD_MATCH = YES;
				COPY_PHASE_STRIP = NO;
				DEBUG_INFORMATION_FORMAT = dwarf;
				ENABLE_STRICT_OBJC_MSGSEND = YES;
				ENABLE_TESTABILITY = YES;
				ENABLE_USER_SCRIPT_SANDBOXING = YES;
				GCC_C_LANGUAGE_STANDARD = gnu17;
				GCC_DYNAMIC_NO_PIC = NO;
				GCC_NO_COMMON_BLOCKS = YES;
				GCC_OPTIMIZATION_LEVEL = 0;
				GCC_PREPROCESSOR_DEFINITIONS = (
					"DEBUG=1",
					"$(inherited)",
				);
				GCC_WARN_64_TO_32_BIT_CONVERSION = YES;
				GCC_WARN_ABOUT_RETURN_TYPE = YES_ERROR;
				GCC_WARN_UNDECLARED_SELECTOR = YES;
				GCC_WARN_UNINITIALIZED_AUTOS = YES_AGGRESSIVE;
				GCC_WARN_UNUSED_FUNCTION = YES;
				GCC_WARN_UNUSED_VARIABLE = YES;
				LOCALIZATION_PREFERS_STRING_CATALOGS = YES;
				MTL_ENABLE_DEBUG_INFO = INCLUDE_SOURCE;
				MTL_FAST_MATH = YES;
				ONLY_ACTIVE_ARCH = YES;
				SWIFT_ACTIVE_COMPILATION_CONDITIONS = "DEBUG $(inherited)";
				SWIFT_OPTIMIZATION_LEVEL = "-Onone";
			};
			name = Debug;
		};
		7F6786E12AFE4AC200D9BBF3 /* Release */ = {
			isa = XCBuildConfiguration;
			buildSettings = {
				ALWAYS_SEARCH_USER_PATHS = NO;
				ASSETCATALOG_COMPILER_GENERATE_SWIFT_ASSET_SYMBOL_EXTENSIONS = YES;
				CLANG_ANALYZER_NONNULL = YES;
				CLANG_ANALYZER_NUMBER_OBJECT_CONVERSION = YES_AGGRESSIVE;
				CLANG_CXX_LANGUAGE_STANDARD = "gnu++20";
				CLANG_ENABLE_MODULES = YES;
				CLANG_ENABLE_OBJC_ARC = YES;
				CLANG_ENABLE_OBJC_WEAK = YES;
				CLANG_WARN_BLOCK_CAPTURE_AUTORELEASING = YES;
				CLANG_WARN_BOOL_CONVERSION = YES;
				CLANG_WARN_COMMA = YES;
				CLANG_WARN_CONSTANT_CONVERSION = YES;
				CLANG_WARN_DEPRECATED_OBJC_IMPLEMENTATIONS = YES;
				CLANG_WARN_DIRECT_OBJC_ISA_USAGE = YES_ERROR;
				CLANG_WARN_DOCUMENTATION_COMMENTS = YES;
				CLANG_WARN_EMPTY_BODY = YES;
				CLANG_WARN_ENUM_CONVERSION = YES;
				CLANG_WARN_INFINITE_RECURSION = YES;
				CLANG_WARN_INT_CONVERSION = YES;
				CLANG_WARN_NON_LITERAL_NULL_CONVERSION = YES;
				CLANG_WARN_OBJC_IMPLICIT_RETAIN_SELF = YES;
				CLANG_WARN_OBJC_LITERAL_CONVERSION = YES;
				CLANG_WARN_OBJC_ROOT_CLASS = YES_ERROR;
				CLANG_WARN_QUOTED_INCLUDE_IN_FRAMEWORK_HEADER = YES;
				CLANG_WARN_RANGE_LOOP_ANALYSIS = YES;
				CLANG_WARN_STRICT_PROTOTYPES = YES;
				CLANG_WARN_SUSPICIOUS_MOVE = YES;
				CLANG_WARN_UNGUARDED_AVAILABILITY = YES_AGGRESSIVE;
				CLANG_WARN_UNREACHABLE_CODE = YES;
				CLANG_WARN__DUPLICATE_METHOD_MATCH = YES;
				COPY_PHASE_STRIP = NO;
				DEBUG_INFORMATION_FORMAT = "dwarf-with-dsym";
				ENABLE_NS_ASSERTIONS = NO;
				ENABLE_STRICT_OBJC_MSGSEND = YES;
				ENABLE_USER_SCRIPT_SANDBOXING = YES;
				GCC_C_LANGUAGE_STANDARD = gnu17;
				GCC_NO_COMMON_BLOCKS = YES;
				GCC_WARN_64_TO_32_BIT_CONVERSION = YES;
				GCC_WARN_ABOUT_RETURN_TYPE = YES_ERROR;
				GCC_WARN_UNDECLARED_SELECTOR = YES;
				GCC_WARN_UNINITIALIZED_AUTOS = YES_AGGRESSIVE;
				GCC_WARN_UNUSED_FUNCTION = YES;
				GCC_WARN_UNUSED_VARIABLE = YES;
				LOCALIZATION_PREFERS_STRING_CATALOGS = YES;
				MTL_ENABLE_DEBUG_INFO = NO;
				MTL_FAST_MATH = YES;
				SWIFT_COMPILATION_MODE = wholemodule;
			};
			name = Release;
		};
		7F6786E32AFE4AC200D9BBF3 /* Debug */ = {
			isa = XCBuildConfiguration;
			buildSettings = {
				ASSETCATALOG_COMPILER_APPICON_NAME = AppIcon;
				ASSETCATALOG_COMPILER_GLOBAL_ACCENT_COLOR_NAME = AccentColor;
				CODE_SIGN_ENTITLEMENTS = Eventify/Eventify.entitlements;
				CODE_SIGN_STYLE = Automatic;
				CURRENT_PROJECT_VERSION = 1;
				DEVELOPMENT_ASSET_PATHS = "\"Eventify/Preview Content\"";
				ENABLE_PREVIEWS = YES;
				GENERATE_INFOPLIST_FILE = YES;
				"INFOPLIST_KEY_UIApplicationSceneManifest_Generation[sdk=iphoneos*]" = YES;
				"INFOPLIST_KEY_UIApplicationSceneManifest_Generation[sdk=iphonesimulator*]" = YES;
				"INFOPLIST_KEY_UIApplicationSupportsIndirectInputEvents[sdk=iphoneos*]" = YES;
				"INFOPLIST_KEY_UIApplicationSupportsIndirectInputEvents[sdk=iphonesimulator*]" = YES;
				"INFOPLIST_KEY_UILaunchScreen_Generation[sdk=iphoneos*]" = YES;
				"INFOPLIST_KEY_UILaunchScreen_Generation[sdk=iphonesimulator*]" = YES;
				"INFOPLIST_KEY_UIStatusBarStyle[sdk=iphoneos*]" = UIStatusBarStyleDefault;
				"INFOPLIST_KEY_UIStatusBarStyle[sdk=iphonesimulator*]" = UIStatusBarStyleDefault;
				INFOPLIST_KEY_UISupportedInterfaceOrientations_iPad = "UIInterfaceOrientationPortrait UIInterfaceOrientationPortraitUpsideDown UIInterfaceOrientationLandscapeLeft UIInterfaceOrientationLandscapeRight";
				INFOPLIST_KEY_UISupportedInterfaceOrientations_iPhone = "UIInterfaceOrientationPortrait UIInterfaceOrientationLandscapeLeft UIInterfaceOrientationLandscapeRight";
				IPHONEOS_DEPLOYMENT_TARGET = 17.0;
				LD_RUNPATH_SEARCH_PATHS = "@executable_path/Frameworks";
				"LD_RUNPATH_SEARCH_PATHS[sdk=macosx*]" = "@executable_path/../Frameworks";
				MACOSX_DEPLOYMENT_TARGET = 13.5;
				MARKETING_VERSION = 1.0;
				PRODUCT_BUNDLE_IDENTIFIER = com.globaldatatek.Eventify;
				PRODUCT_NAME = "$(TARGET_NAME)";
				SDKROOT = auto;
				SUPPORTED_PLATFORMS = "iphoneos iphonesimulator macosx";
				SWIFT_EMIT_LOC_STRINGS = YES;
				SWIFT_VERSION = 5.0;
				TARGETED_DEVICE_FAMILY = "1,2";
			};
			name = Debug;
		};
		7F6786E42AFE4AC200D9BBF3 /* Release */ = {
			isa = XCBuildConfiguration;
			buildSettings = {
				ASSETCATALOG_COMPILER_APPICON_NAME = AppIcon;
				ASSETCATALOG_COMPILER_GLOBAL_ACCENT_COLOR_NAME = AccentColor;
				CODE_SIGN_ENTITLEMENTS = Eventify/Eventify.entitlements;
				CODE_SIGN_STYLE = Automatic;
				CURRENT_PROJECT_VERSION = 1;
				DEVELOPMENT_ASSET_PATHS = "\"Eventify/Preview Content\"";
				ENABLE_PREVIEWS = YES;
				GENERATE_INFOPLIST_FILE = YES;
				"INFOPLIST_KEY_UIApplicationSceneManifest_Generation[sdk=iphoneos*]" = YES;
				"INFOPLIST_KEY_UIApplicationSceneManifest_Generation[sdk=iphonesimulator*]" = YES;
				"INFOPLIST_KEY_UIApplicationSupportsIndirectInputEvents[sdk=iphoneos*]" = YES;
				"INFOPLIST_KEY_UIApplicationSupportsIndirectInputEvents[sdk=iphonesimulator*]" = YES;
				"INFOPLIST_KEY_UILaunchScreen_Generation[sdk=iphoneos*]" = YES;
				"INFOPLIST_KEY_UILaunchScreen_Generation[sdk=iphonesimulator*]" = YES;
				"INFOPLIST_KEY_UIStatusBarStyle[sdk=iphoneos*]" = UIStatusBarStyleDefault;
				"INFOPLIST_KEY_UIStatusBarStyle[sdk=iphonesimulator*]" = UIStatusBarStyleDefault;
				INFOPLIST_KEY_UISupportedInterfaceOrientations_iPad = "UIInterfaceOrientationPortrait UIInterfaceOrientationPortraitUpsideDown UIInterfaceOrientationLandscapeLeft UIInterfaceOrientationLandscapeRight";
				INFOPLIST_KEY_UISupportedInterfaceOrientations_iPhone = "UIInterfaceOrientationPortrait UIInterfaceOrientationLandscapeLeft UIInterfaceOrientationLandscapeRight";
				IPHONEOS_DEPLOYMENT_TARGET = 17.0;
				LD_RUNPATH_SEARCH_PATHS = "@executable_path/Frameworks";
				"LD_RUNPATH_SEARCH_PATHS[sdk=macosx*]" = "@executable_path/../Frameworks";
				MACOSX_DEPLOYMENT_TARGET = 13.5;
				MARKETING_VERSION = 1.0;
				PRODUCT_BUNDLE_IDENTIFIER = com.globaldatatek.Eventify;
				PRODUCT_NAME = "$(TARGET_NAME)";
				SDKROOT = auto;
				SUPPORTED_PLATFORMS = "iphoneos iphonesimulator macosx";
				SWIFT_EMIT_LOC_STRINGS = YES;
				SWIFT_VERSION = 5.0;
				TARGETED_DEVICE_FAMILY = "1,2";
			};
			name = Release;
		};
/* End XCBuildConfiguration section */

/* Begin XCConfigurationList section */
		7F6786C92AFE4ABB00D9BBF3 /* Build configuration list for PBXProject "Eventify" */ = {
			isa = XCConfigurationList;
			buildConfigurations = (
				7F6786E02AFE4AC200D9BBF3 /* Debug */,
				7F6786E12AFE4AC200D9BBF3 /* Release */,
			);
			defaultConfigurationIsVisible = 0;
			defaultConfigurationName = Release;
		};
		7F6786E22AFE4AC200D9BBF3 /* Build configuration list for PBXNativeTarget "Eventify" */ = {
			isa = XCConfigurationList;
			buildConfigurations = (
				7F6786E32AFE4AC200D9BBF3 /* Debug */,
				7F6786E42AFE4AC200D9BBF3 /* Release */,
			);
			defaultConfigurationIsVisible = 0;
			defaultConfigurationName = Release;
		};
/* End XCConfigurationList section */

/* Begin XCVersionGroup section */
		7F6786D52AFE4ABB00D9BBF3 /* Eventify.xcdatamodeld */ = {
			isa = XCVersionGroup;
			children = (
				7F6786D62AFE4ABB00D9BBF3 /* Eventify.xcdatamodel */,
			);
			currentVersion = 7F6786D62AFE4ABB00D9BBF3 /* Eventify.xcdatamodel */;
			path = Eventify.xcdatamodeld;
			sourceTree = "<group>";
			versionGroupType = wrapper.xcdatamodel;
		};
/* End XCVersionGroup section */
	};
	rootObject = 7F6786C62AFE4ABB00D9BBF3 /* Project object */;
}
